%{
  "elixir_make": {:hex, :elixir_make, "0.7.7", "7128c60c2476019ed978210c245badf08b03dbec4f24d05790ef791da11aa17c", [:mix], [{:castore, "~> 0.1 or ~> 1.0", [hex: :castore, repo: "hexpm", optional: true]}], "hexpm", "5bc19fff950fad52bbe5f211b12db9ec82c6b34a9647da0c2224b8b8464c7e6c"},
  "rclex": {:hex, :rclex, "0.9.0", "022a634afa3130744ec9894f73d0dae16395bb689e6b4cda64ac1e0997bd25d6", [:make, :mix], [{:elixir_make, "~> 0.4", [hex: :elixir_make, repo: "hexpm", optional: false]}], "hexpm", "43beac6e0aee33040d927fcaf014cda97842ca10d70f4672c9aecbec7eae71e5"},
}
